Microsoft Visual Studio Solution File, Format Version 11.00
# Visual Studio 2010
Project("{8BC9CEB8-8B4A-11D0-8D11-00A0C91BC942}") = "Splines", "splines\Splines.vcxproj", "{5AD67F62-3C2C-603C-31D8-B57155F119EA}"
EndProject
Project("{8BC9CEB8-8B4A-11D0-8D11-00A0C91BC942}") = "botlib", "botlib\botlib.vcxproj", "{1C7340EA-EDF3-CC83-AE05-C48F6E2A40D6}"
EndProject
Project("{8BC9CEB8-8B4A-11D0-8D11-00A0C91BC942}") = "cgame", "cgame\cgame.vcxproj", "{CFB31F69-B32D-DA46-BCC3-25E794692280}"
EndProject
Project("{8BC9CEB8-8B4A-11D0-8D11-00A0C91BC942}") = "game", "game\game.vcxproj", "{2D2BD024-82AB-D33D-DCB3-1FC234201351}"
	ProjectSection(ProjectDependencies) = postProject
		{F8E6D936-C72C-4885-8D2E-E11536FFEE85} = {F8E6D936-C72C-4885-8D2E-E11536FFEE85}
	EndProjectSection
EndProject
Project("{8BC9CEB8-8B4A-11D0-8D11-00A0C91BC942}") = "q3_ui", "q3_ui\q3_ui.vcxproj", "{D3D5FC07-ADDE-2554-CFA8-8949A8AE5BB2}"
EndProject
Project("{8BC9CEB8-8B4A-11D0-8D11-00A0C91BC942}") = "quake3", "quake3.vcxproj", "{E46268B4-B49E-DEF7-F3ED-05A83B8D1E62}"
EndProject
Project("{8BC9CEB8-8B4A-11D0-8D11-00A0C91BC942}") = "renderer", "renderer\renderer.vcxproj", "{EBF40DC2-4170-CB0C-C92D-4A2FC4EE4AAE}"
EndProject
Project("{8BC9CEB8-8B4A-11D0-8D11-00A0C91BC942}") = "ui", "ui\ui.vcxproj", "{CBBAC7B0-570C-39FD-2AFA-8010A21144B9}"
EndProject
Project("{8BC9CEB8-8B4A-11D0-8D11-00A0C91BC942}") = "LSPI", "LSPI\LSPI.vcxproj", "{F8E6D936-C72C-4885-8D2E-E11536FFEE85}"
EndProject
Global
	GlobalSection(SolutionConfigurationPlatforms) = preSolution
		Debug Alpha|Win32 = Debug Alpha|Win32
		Debug TA DEMO|Win32 = Debug TA DEMO|Win32
		Debug TA|Win32 = Debug TA|Win32
		Debug|Win32 = Debug|Win32
		Release Alpha|Win32 = Release Alpha|Win32
		Release TA DEMO|Win32 = Release TA DEMO|Win32
		Release TA|Win32 = Release TA|Win32
		Release|Win32 = Release|Win32
		vector|Win32 = vector|Win32
	EndGlobalSection
	GlobalSection(ProjectConfigurationPlatforms) = postSolution
		{5AD67F62-3C2C-603C-31D8-B57155F119EA}.Debug Alpha|Win32.ActiveCfg = Debug|Win32
		{5AD67F62-3C2C-603C-31D8-B57155F119EA}.Debug Alpha|Win32.Build.0 = Debug|Win32
		{5AD67F62-3C2C-603C-31D8-B57155F119EA}.Debug TA DEMO|Win32.ActiveCfg = Debug|Win32
		{5AD67F62-3C2C-603C-31D8-B57155F119EA}.Debug TA DEMO|Win32.Build.0 = Debug|Win32
		{5AD67F62-3C2C-603C-31D8-B57155F119EA}.Debug TA|Win32.ActiveCfg = Debug|Win32
		{5AD67F62-3C2C-603C-31D8-B57155F119EA}.Debug TA|Win32.Build.0 = Debug|Win32
		{5AD67F62-3C2C-603C-31D8-B57155F119EA}.Debug|Win32.ActiveCfg = Debug|Win32
		{5AD67F62-3C2C-603C-31D8-B57155F119EA}.Debug|Win32.Build.0 = Debug|Win32
		{5AD67F62-3C2C-603C-31D8-B57155F119EA}.Release Alpha|Win32.ActiveCfg = Release|Win32
		{5AD67F62-3C2C-603C-31D8-B57155F119EA}.Release Alpha|Win32.Build.0 = Release|Win32
		{5AD67F62-3C2C-603C-31D8-B57155F119EA}.Release TA DEMO|Win32.ActiveCfg = Release|Win32
		{5AD67F62-3C2C-603C-31D8-B57155F119EA}.Release TA DEMO|Win32.Build.0 = Release|Win32
		{5AD67F62-3C2C-603C-31D8-B57155F119EA}.Release TA|Win32.ActiveCfg = Release|Win32
		{5AD67F62-3C2C-603C-31D8-B57155F119EA}.Release|Win32.ActiveCfg = Release|Win32
		{5AD67F62-3C2C-603C-31D8-B57155F119EA}.vector|Win32.ActiveCfg = Release|Win32
		{5AD67F62-3C2C-603C-31D8-B57155F119EA}.vector|Win32.Build.0 = Release|Win32
		{1C7340EA-EDF3-CC83-AE05-C48F6E2A40D6}.Debug Alpha|Win32.ActiveCfg = Debug TA|Win32
		{1C7340EA-EDF3-CC83-AE05-C48F6E2A40D6}.Debug Alpha|Win32.Build.0 = Debug TA|Win32
		{1C7340EA-EDF3-CC83-AE05-C48F6E2A40D6}.Debug TA DEMO|Win32.ActiveCfg = Debug TA|Win32
		{1C7340EA-EDF3-CC83-AE05-C48F6E2A40D6}.Debug TA DEMO|Win32.Build.0 = Debug TA|Win32
		{1C7340EA-EDF3-CC83-AE05-C48F6E2A40D6}.Debug TA|Win32.ActiveCfg = Debug TA|Win32
		{1C7340EA-EDF3-CC83-AE05-C48F6E2A40D6}.Debug TA|Win32.Build.0 = Debug TA|Win32
		{1C7340EA-EDF3-CC83-AE05-C48F6E2A40D6}.Debug|Win32.ActiveCfg = Debug|Win32
		{1C7340EA-EDF3-CC83-AE05-C48F6E2A40D6}.Debug|Win32.Build.0 = Debug|Win32
		{1C7340EA-EDF3-CC83-AE05-C48F6E2A40D6}.Release Alpha|Win32.ActiveCfg = Release TA|Win32
		{1C7340EA-EDF3-CC83-AE05-C48F6E2A40D6}.Release Alpha|Win32.Build.0 = Release TA|Win32
		{1C7340EA-EDF3-CC83-AE05-C48F6E2A40D6}.Release TA DEMO|Win32.ActiveCfg = Release TA|Win32
		{1C7340EA-EDF3-CC83-AE05-C48F6E2A40D6}.Release TA DEMO|Win32.Build.0 = Release TA|Win32
		{1C7340EA-EDF3-CC83-AE05-C48F6E2A40D6}.Release TA|Win32.ActiveCfg = Release TA|Win32
		{1C7340EA-EDF3-CC83-AE05-C48F6E2A40D6}.Release|Win32.ActiveCfg = Release|Win32
		{1C7340EA-EDF3-CC83-AE05-C48F6E2A40D6}.vector|Win32.ActiveCfg = vector|Win32
		{1C7340EA-EDF3-CC83-AE05-C48F6E2A40D6}.vector|Win32.Build.0 = vector|Win32
		{CFB31F69-B32D-DA46-BCC3-25E794692280}.Debug Alpha|Win32.ActiveCfg = Debug TA|Win32
		{CFB31F69-B32D-DA46-BCC3-25E794692280}.Debug Alpha|Win32.Build.0 = Debug TA|Win32
		{CFB31F69-B32D-DA46-BCC3-25E794692280}.Debug TA DEMO|Win32.ActiveCfg = Debug TA|Win32
		{CFB31F69-B32D-DA46-BCC3-25E794692280}.Debug TA DEMO|Win32.Build.0 = Debug TA|Win32
		{CFB31F69-B32D-DA46-BCC3-25E794692280}.Debug TA|Win32.ActiveCfg = Debug TA|Win32
		{CFB31F69-B32D-DA46-BCC3-25E794692280}.Debug TA|Win32.Build.0 = Debug TA|Win32
		{CFB31F69-B32D-DA46-BCC3-25E794692280}.Debug|Win32.ActiveCfg = Debug|Win32
		{CFB31F69-B32D-DA46-BCC3-25E794692280}.Debug|Win32.Build.0 = Debug|Win32
		{CFB31F69-B32D-DA46-BCC3-25E794692280}.Release Alpha|Win32.ActiveCfg = Release TA|Win32
		{CFB31F69-B32D-DA46-BCC3-25E794692280}.Release Alpha|Win32.Build.0 = Release TA|Win32
		{CFB31F69-B32D-DA46-BCC3-25E794692280}.Release TA DEMO|Win32.ActiveCfg = Release TA|Win32
		{CFB31F69-B32D-DA46-BCC3-25E794692280}.Release TA DEMO|Win32.Build.0 = Release TA|Win32
		{CFB31F69-B32D-DA46-BCC3-25E794692280}.Release TA|Win32.ActiveCfg = Release TA|Win32
		{CFB31F69-B32D-DA46-BCC3-25E794692280}.Release|Win32.ActiveCfg = Release|Win32
		{CFB31F69-B32D-DA46-BCC3-25E794692280}.vector|Win32.ActiveCfg = Release|Win32
		{CFB31F69-B32D-DA46-BCC3-25E794692280}.vector|Win32.Build.0 = Release|Win32
		{2D2BD024-82AB-D33D-DCB3-1FC234201351}.Debug Alpha|Win32.ActiveCfg = Debug Alpha|Win32
		{2D2BD024-82AB-D33D-DCB3-1FC234201351}.Debug Alpha|Win32.Build.0 = Debug Alpha|Win32
		{2D2BD024-82AB-D33D-DCB3-1FC234201351}.Debug TA DEMO|Win32.ActiveCfg = Debug TA|Win32
		{2D2BD024-82AB-D33D-DCB3-1FC234201351}.Debug TA DEMO|Win32.Build.0 = Debug TA|Win32
		{2D2BD024-82AB-D33D-DCB3-1FC234201351}.Debug TA|Win32.ActiveCfg = Debug TA|Win32
		{2D2BD024-82AB-D33D-DCB3-1FC234201351}.Debug TA|Win32.Build.0 = Debug TA|Win32
		{2D2BD024-82AB-D33D-DCB3-1FC234201351}.Debug|Win32.ActiveCfg = Debug|Win32
		{2D2BD024-82AB-D33D-DCB3-1FC234201351}.Debug|Win32.Build.0 = Debug|Win32
		{2D2BD024-82AB-D33D-DCB3-1FC234201351}.Release Alpha|Win32.ActiveCfg = Release Alpha|Win32
		{2D2BD024-82AB-D33D-DCB3-1FC234201351}.Release Alpha|Win32.Build.0 = Release Alpha|Win32
		{2D2BD024-82AB-D33D-DCB3-1FC234201351}.Release TA DEMO|Win32.ActiveCfg = Release TA|Win32
		{2D2BD024-82AB-D33D-DCB3-1FC234201351}.Release TA DEMO|Win32.Build.0 = Release TA|Win32
		{2D2BD024-82AB-D33D-DCB3-1FC234201351}.Release TA|Win32.ActiveCfg = Release TA|Win32
		{2D2BD024-82AB-D33D-DCB3-1FC234201351}.Release|Win32.ActiveCfg = Release|Win32
		{2D2BD024-82AB-D33D-DCB3-1FC234201351}.vector|Win32.ActiveCfg = Release|Win32
		{2D2BD024-82AB-D33D-DCB3-1FC234201351}.vector|Win32.Build.0 = Release|Win32
		{D3D5FC07-ADDE-2554-CFA8-8949A8AE5BB2}.Debug Alpha|Win32.ActiveCfg = Debug TA|Win32
		{D3D5FC07-ADDE-2554-CFA8-8949A8AE5BB2}.Debug Alpha|Win32.Build.0 = Debug TA|Win32
		{D3D5FC07-ADDE-2554-CFA8-8949A8AE5BB2}.Debug TA DEMO|Win32.ActiveCfg = Debug TA|Win32
		{D3D5FC07-ADDE-2554-CFA8-8949A8AE5BB2}.Debug TA DEMO|Win32.Build.0 = Debug TA|Win32
		{D3D5FC07-ADDE-2554-CFA8-8949A8AE5BB2}.Debug TA|Win32.ActiveCfg = Debug TA|Win32
		{D3D5FC07-ADDE-2554-CFA8-8949A8AE5BB2}.Debug TA|Win32.Build.0 = Debug TA|Win32
		{D3D5FC07-ADDE-2554-CFA8-8949A8AE5BB2}.Debug|Win32.ActiveCfg = Debug|Win32
		{D3D5FC07-ADDE-2554-CFA8-8949A8AE5BB2}.Debug|Win32.Build.0 = Debug|Win32
		{D3D5FC07-ADDE-2554-CFA8-8949A8AE5BB2}.Release Alpha|Win32.ActiveCfg = Release TA|Win32
		{D3D5FC07-ADDE-2554-CFA8-8949A8AE5BB2}.Release Alpha|Win32.Build.0 = Release TA|Win32
		{D3D5FC07-ADDE-2554-CFA8-8949A8AE5BB2}.Release TA DEMO|Win32.ActiveCfg = Release TA|Win32
		{D3D5FC07-ADDE-2554-CFA8-8949A8AE5BB2}.Release TA DEMO|Win32.Build.0 = Release TA|Win32
		{D3D5FC07-ADDE-2554-CFA8-8949A8AE5BB2}.Release TA|Win32.ActiveCfg = Release TA|Win32
		{D3D5FC07-ADDE-2554-CFA8-8949A8AE5BB2}.Release|Win32.ActiveCfg = Release|Win32
		{D3D5FC07-ADDE-2554-CFA8-8949A8AE5BB2}.vector|Win32.ActiveCfg = Release|Win32
		{D3D5FC07-ADDE-2554-CFA8-8949A8AE5BB2}.vector|Win32.Build.0 = Release|Win32
		{E46268B4-B49E-DEF7-F3ED-05A83B8D1E62}.Debug Alpha|Win32.ActiveCfg = Debug TA|Win32
		{E46268B4-B49E-DEF7-F3ED-05A83B8D1E62}.Debug Alpha|Win32.Build.0 = Debug TA|Win32
		{E46268B4-B49E-DEF7-F3ED-05A83B8D1E62}.Debug TA DEMO|Win32.ActiveCfg = Debug TA DEMO|Win32
		{E46268B4-B49E-DEF7-F3ED-05A83B8D1E62}.Debug TA DEMO|Win32.Build.0 = Debug TA DEMO|Win32
		{E46268B4-B49E-DEF7-F3ED-05A83B8D1E62}.Debug TA|Win32.ActiveCfg = Debug TA|Win32
		{E46268B4-B49E-DEF7-F3ED-05A83B8D1E62}.Debug TA|Win32.Build.0 = Debug TA|Win32
		{E46268B4-B49E-DEF7-F3ED-05A83B8D1E62}.Debug|Win32.ActiveCfg = Debug|Win32
		{E46268B4-B49E-DEF7-F3ED-05A83B8D1E62}.Debug|Win32.Build.0 = Debug|Win32
		{E46268B4-B49E-DEF7-F3ED-05A83B8D1E62}.Release Alpha|Win32.ActiveCfg = Release TA|Win32
		{E46268B4-B49E-DEF7-F3ED-05A83B8D1E62}.Release Alpha|Win32.Build.0 = Release TA|Win32
		{E46268B4-B49E-DEF7-F3ED-05A83B8D1E62}.Release TA DEMO|Win32.ActiveCfg = Release TA DEMO|Win32
		{E46268B4-B49E-DEF7-F3ED-05A83B8D1E62}.Release TA DEMO|Win32.Build.0 = Release TA DEMO|Win32
		{E46268B4-B49E-DEF7-F3ED-05A83B8D1E62}.Release TA|Win32.ActiveCfg = Release TA|Win32
		{E46268B4-B49E-DEF7-F3ED-05A83B8D1E62}.Release|Win32.ActiveCfg = Release|Win32
		{E46268B4-B49E-DEF7-F3ED-05A83B8D1E62}.vector|Win32.ActiveCfg = vector|Win32
		{E46268B4-B49E-DEF7-F3ED-05A83B8D1E62}.vector|Win32.Build.0 = vector|Win32
		{EBF40DC2-4170-CB0C-C92D-4A2FC4EE4AAE}.Debug Alpha|Win32.ActiveCfg = Debug TA|Win32
		{EBF40DC2-4170-CB0C-C92D-4A2FC4EE4AAE}.Debug Alpha|Win32.Build.0 = Debug TA|Win32
		{EBF40DC2-4170-CB0C-C92D-4A2FC4EE4AAE}.Debug TA DEMO|Win32.ActiveCfg = Debug TA|Win32
		{EBF40DC2-4170-CB0C-C92D-4A2FC4EE4AAE}.Debug TA DEMO|Win32.Build.0 = Debug TA|Win32
		{EBF40DC2-4170-CB0C-C92D-4A2FC4EE4AAE}.Debug TA|Win32.ActiveCfg = Debug TA|Win32
		{EBF40DC2-4170-CB0C-C92D-4A2FC4EE4AAE}.Debug TA|Win32.Build.0 = Debug TA|Win32
		{EBF40DC2-4170-CB0C-C92D-4A2FC4EE4AAE}.Debug|Win32.ActiveCfg = Debug|Win32
		{EBF40DC2-4170-CB0C-C92D-4A2FC4EE4AAE}.Debug|Win32.Build.0 = Debug|Win32
		{EBF40DC2-4170-CB0C-C92D-4A2FC4EE4AAE}.Release Alpha|Win32.ActiveCfg = Release TA|Win32
		{EBF40DC2-4170-CB0C-C92D-4A2FC4EE4AAE}.Release Alpha|Win32.Build.0 = Release TA|Win32
		{EBF40DC2-4170-CB0C-C92D-4A2FC4EE4AAE}.Release TA DEMO|Win32.ActiveCfg = Release TA|Win32
		{EBF40DC2-4170-CB0C-C92D-4A2FC4EE4AAE}.Release TA DEMO|Win32.Build.0 = Release TA|Win32
		{EBF40DC2-4170-CB0C-C92D-4A2FC4EE4AAE}.Release TA|Win32.ActiveCfg = Release TA|Win32
		{EBF40DC2-4170-CB0C-C92D-4A2FC4EE4AAE}.Release|Win32.ActiveCfg = Release|Win32
		{EBF40DC2-4170-CB0C-C92D-4A2FC4EE4AAE}.vector|Win32.ActiveCfg = vector|Win32
		{EBF40DC2-4170-CB0C-C92D-4A2FC4EE4AAE}.vector|Win32.Build.0 = vector|Win32
		{CBBAC7B0-570C-39FD-2AFA-8010A21144B9}.Debug Alpha|Win32.ActiveCfg = Debug TA|Win32
		{CBBAC7B0-570C-39FD-2AFA-8010A21144B9}.Debug Alpha|Win32.Build.0 = Debug TA|Win32
		{CBBAC7B0-570C-39FD-2AFA-8010A21144B9}.Debug TA DEMO|Win32.ActiveCfg = Debug TA|Win32
		{CBBAC7B0-570C-39FD-2AFA-8010A21144B9}.Debug TA DEMO|Win32.Build.0 = Debug TA|Win32
		{CBBAC7B0-570C-39FD-2AFA-8010A21144B9}.Debug TA|Win32.ActiveCfg = Debug TA|Win32
		{CBBAC7B0-570C-39FD-2AFA-8010A21144B9}.Debug TA|Win32.Build.0 = Debug TA|Win32
		{CBBAC7B0-570C-39FD-2AFA-8010A21144B9}.Debug|Win32.ActiveCfg = Debug|Win32
		{CBBAC7B0-570C-39FD-2AFA-8010A21144B9}.Release Alpha|Win32.ActiveCfg = Release TA|Win32
		{CBBAC7B0-570C-39FD-2AFA-8010A21144B9}.Release Alpha|Win32.Build.0 = Release TA|Win32
		{CBBAC7B0-570C-39FD-2AFA-8010A21144B9}.Release TA DEMO|Win32.ActiveCfg = Release TA|Win32
		{CBBAC7B0-570C-39FD-2AFA-8010A21144B9}.Release TA DEMO|Win32.Build.0 = Release TA|Win32
		{CBBAC7B0-570C-39FD-2AFA-8010A21144B9}.Release TA|Win32.ActiveCfg = Release TA|Win32
		{CBBAC7B0-570C-39FD-2AFA-8010A21144B9}.Release|Win32.ActiveCfg = Release|Win32
		{CBBAC7B0-570C-39FD-2AFA-8010A21144B9}.vector|Win32.ActiveCfg = vector|Win32
		{CBBAC7B0-570C-39FD-2AFA-8010A21144B9}.vector|Win32.Build.0 = vector|Win32
		{F8E6D936-C72C-4885-8D2E-E11536FFEE85}.Debug Alpha|Win32.ActiveCfg = Debug|Win32
		{F8E6D936-C72C-4885-8D2E-E11536FFEE85}.Debug Alpha|Win32.Build.0 = Debug|Win32
		{F8E6D936-C72C-4885-8D2E-E11536FFEE85}.Debug TA DEMO|Win32.ActiveCfg = Debug|Win32
		{F8E6D936-C72C-4885-8D2E-E11536FFEE85}.Debug TA DEMO|Win32.Build.0 = Debug|Win32
		{F8E6D936-C72C-4885-8D2E-E11536FFEE85}.Debug TA|Win32.ActiveCfg = Debug|Win32
		{F8E6D936-C72C-4885-8D2E-E11536FFEE85}.Debug TA|Win32.Build.0 = Debug|Win32
		{F8E6D936-C72C-4885-8D2E-E11536FFEE85}.Debug|Win32.ActiveCfg = Debug|Win32
		{F8E6D936-C72C-4885-8D2E-E11536FFEE85}.Debug|Win32.Build.0 = Debug|Win32
		{F8E6D936-C72C-4885-8D2E-E11536FFEE85}.Release Alpha|Win32.ActiveCfg = Release|Win32
		{F8E6D936-C72C-4885-8D2E-E11536FFEE85}.Release Alpha|Win32.Build.0 = Release|Win32
		{F8E6D936-C72C-4885-8D2E-E11536FFEE85}.Release TA DEMO|Win32.ActiveCfg = Release|Win32
		{F8E6D936-C72C-4885-8D2E-E11536FFEE85}.Release TA DEMO|Win32.Build.0 = Release|Win32
		{F8E6D936-C72C-4885-8D2E-E11536FFEE85}.Release TA|Win32.ActiveCfg = Release|Win32
		{F8E6D936-C72C-4885-8D2E-E11536FFEE85}.Release TA|Win32.Build.0 = Release|Win32
		{F8E6D936-C72C-4885-8D2E-E11536FFEE85}.Release|Win32.ActiveCfg = Release|Win32
		{F8E6D936-C72C-4885-8D2E-E11536FFEE85}.Release|Win32.Build.0 = Release|Win32
		{F8E6D936-C72C-4885-8D2E-E11536FFEE85}.vector|Win32.ActiveCfg = Release|Win32
		{F8E6D936-C72C-4885-8D2E-E11536FFEE85}.vector|Win32.Build.0 = Release|Win32
	EndGlobalSection
	GlobalSection(SolutionProperties) = preSolution
		HideSolutionNode = FALSE
	EndGlobalSection
EndGlobal
